// !$*UTF8*$!
{
	archiveVersion = 1;
	classes = {
	};
	objectVersion = 50;
	objects = {

/* Begin PBXBuildFile section */
		08245ABF22CCF2B50033873D /* AppDelegate.swift in Sources */ = {isa = PBXBuildFile; fileRef = 08245ABE22CCF2B50033873D /* AppDelegate.swift */; };
		08245AC122CCF2B50033873D /* ViewController.swift in Sources */ = {isa = PBXBuildFile; fileRef = 08245AC022CCF2B50033873D /* ViewController.swift */; };
		08245AC422CCF2B50033873D /* Main.storyboard in Resources */ = {isa = PBXBuildFile; fileRef = 08245AC222CCF2B50033873D /* Main.storyboard */; };
		08245AC622CCF2B60033873D /* Assets.xcassets in Resources */ = {isa = PBXBuildFile; fileRef = 08245AC522CCF2B60033873D /* Assets.xcassets */; };
		08245AC922CCF2B70033873D /* LaunchScreen.storyboard in Resources */ = {isa = PBXBuildFile; fileRef = 08245AC722CCF2B70033873D /* LaunchScreen.storyboard */; };
		08245AD422CCF2B70033873D /* project_1Tests.swift in Sources */ = {isa = PBXBuildFile; fileRef = 08245AD322CCF2B70033873D /* project_1Tests.swift */; };
		08245ADF22CCF2B70033873D /* project_1UITests.swift in Sources */ = {isa = PBXBuildFile; fileRef = 08245ADE22CCF2B70033873D /* project_1UITests.swift */; };
/* End PBXBuildFile section */

/* Begin PBXContainerItemProxy section */
		08245AD022CCF2B70033873D /* PBXContainerItemProxy */ = {
			isa = PBXContainerItemProxy;
			containerPortal = 08245AB322CCF2B50033873D /* Project object */;
			proxyType = 1;
			remoteGlobalIDString = 08245ABA22CCF2B50033873D;
			remoteInfo = "project 1";
		};
		08245ADB22CCF2B70033873D /* PBXContainerItemProxy */ = {
			isa = PBXContainerItemProxy;
			containerPortal = 08245AB322CCF2B50033873D /* Project object */;
			proxyType = 1;
			remoteGlobalIDString = 08245ABA22CCF2B50033873D;
			remoteInfo = "project 1";
		};
/* End PBXContainerItemProxy section */

/* Begin PBXFileReference section */
		08245ABB22CCF2B50033873D /* project 1.app */ = {isa = PBXFileReference; explicitFileType = wrapper.application; includeInIndex = 0; path = "project 1.app"; sourceTree = BUILT_PRODUCTS_DIR; };
		08245ABE22CCF2B50033873D /* AppDelegate.swift */ = {isa = PBXFileReference; lastKnownFileType = sourcecode.swift; path = AppDelegate.swift; sourceTree = "<group>"; };
		08245AC022CCF2B50033873D /* ViewController.swift */ = {isa = PBXFileReference; lastKnownFileType = sourcecode.swift; path = ViewController.swift; sourceTree = "<group>"; };
		08245AC322CCF2B50033873D /* Base */ = {isa = PBXFileReference; lastKnownFileType = file.storyboard; name = Base; path = Base.lproj/Main.storyboard; sourceTree = "<group>"; };
		08245AC522CCF2B60033873D /* Assets.xcassets */ = {isa = PBXFileReference; lastKnownFileType = folder.assetcatalog; path = Assets.xcassets; sourceTree = "<group>"; };
		08245AC822CCF2B70033873D /* Base */ = {isa = PBXFileReference; lastKnownFileType = file.storyboard; name = Base; path = Base.lproj/LaunchScreen.storyboard; sourceTree = "<group>"; };
		08245ACA22CCF2B70033873D /* Info.plist */ = {isa = PBXFileReference; lastKnownFileType = text.plist.xml; path = Info.plist; sourceTree = "<group>"; };
		08245ACF22CCF2B70033873D /* project 1Tests.xctest */ = {isa = PBXFileReference; explicitFileType = wrapper.cfbundle; includeInIndex = 0; path = "project 1Tests.xctest"; sourceTree = BUILT_PRODUCTS_DIR; };
		08245AD322CCF2B70033873D /* project_1Tests.swift */ = {isa = PBXFileReference; lastKnownFileType = sourcecode.swift; path = project_1Tests.swift; sourceTree = "<group>"; };
		08245AD522CCF2B70033873D /* Info.plist */ = {isa = PBXFileReference; lastKnownFileType = text.plist.xml; path = Info.plist; sourceTree = "<group>"; };
		08245ADA22CCF2B70033873D /* project 1UITests.xctest */ = {isa = PBXFileReference; explicitFileType = wrapper.cfbundle; includeInIndex = 0; path = "project 1UITests.xctest"; sourceTree = BUILT_PRODUCTS_DIR; };
		08245ADE22CCF2B70033873D /* project_1UITests.swift */ = {isa = PBXFileReference; lastKnownFileType = sourcecode.swift; path = project_1UITests.swift; sourceTree = "<group>"; };
		08245AE022CCF2B70033873D /* Info.plist */ = {isa = PBXFileReference; lastKnownFileType = text.plist.xml; path = Info.plist; sourceTree = "<group>"; };
/* End PBXFileReference section */

/* Begin PBXFrameworksBuildPhase section */
		08245AB822CCF2B50033873D /* Frameworks */ = {
			isa = PBXFrameworksBuildPhase;
			buildActionMask = 2147483647;
			files = (
			);
			runOnlyForDeploymentPostprocessing = 0;
		};
		08245ACC22CCF2B70033873D /* Frameworks */ = {
			isa = PBXFrameworksBuildPhase;
			buildActionMask = 2147483647;
			files = (
			);
			runOnlyForDeploymentPostprocessing = 0;
		};
		08245AD722CCF2B70033873D /* Frameworks */ = {
			isa = PBXFrameworksBuildPhase;
			buildActionMask = 2147483647;
			files = (
			);
			runOnlyForDeploymentPostprocessing = 0;
		};
/* End PBXFrameworksBuildPhase section */

/* Begin PBXGroup section */
		08245AB222CCF2B50033873D = {
			isa = PBXGroup;
			children = (
				08245ABD22CCF2B50033873D /* project 1 */,
				08245AD222CCF2B70033873D /* project 1Tests */,
				08245ADD22CCF2B70033873D /* project 1UITests */,
				08245ABC22CCF2B50033873D /* Products */,
			);
			sourceTree = "<group>";
		};
		08245ABC22CCF2B50033873D /* Products */ = {
			isa = PBXGroup;
			children = (
				08245ABB22CCF2B50033873D /* project 1.app */,
				08245ACF22CCF2B70033873D /* project 1Tests.xctest */,
				08245ADA22CCF2B70033873D /* project 1UITests.xctest */,
			);
			name = Products;
			sourceTree = "<group>";
		};
		08245ABD22CCF2B50033873D /* project 1 */ = {
			isa = PBXGroup;
			children = (
				08245ABE22CCF2B50033873D /* AppDelegate.swift */,
				08245AC022CCF2B50033873D /* ViewController.swift */,
				08245AC222CCF2B50033873D /* Main.storyboard */,
				08245AC522CCF2B60033873D /* Assets.xcassets */,
				08245AC722CCF2B70033873D /* LaunchScreen.storyboard */,
				08245ACA22CCF2B70033873D /* Info.plist */,
			);
			path = "project 1";
			sourceTree = "<group>";
		};
		08245AD222CCF2B70033873D /* project 1Tests */ = {
			isa = PBXGroup;
			children = (
				08245AD322CCF2B70033873D /* project_1Tests.swift */,
				08245AD522CCF2B70033873D /* Info.plist */,
			);
			path = "project 1Tests";
			sourceTree = "<group>";
		};
		08245ADD22CCF2B70033873D /* project 1UITests */ = {
			isa = PBXGroup;
			children = (
				08245ADE22CCF2B70033873D /* project_1UITests.swift */,
				08245AE022CCF2B70033873D /* Info.plist */,
			);
			path = "project 1UITests";
			sourceTree = "<group>";
		};
/* End PBXGroup section */

/* Begin PBXNativeTarget section */
		08245ABA22CCF2B50033873D /* project 1 */ = {
			isa = PBXNativeTarget;
			buildConfigurationList = 08245AE322CCF2B70033873D /* Build configuration list for PBXNativeTarget "project 1" */;
			buildPhases = (
				08245AB722CCF2B50033873D /* Sources */,
				08245AB822CCF2B50033873D /* Frameworks */,
				08245AB922CCF2B50033873D /* Resources */,
			);
			buildRules = (
			);
			dependencies = (
			);
			name = "project 1";
			productName = "project 1";
			productReference = 08245ABB22CCF2B50033873D /* project 1.app */;
			productType = "com.apple.product-type.application";
		};
		08245ACE22CCF2B70033873D /* project 1Tests */ = {
			isa = PBXNativeTarget;
			buildConfigurationList = 08245AE622CCF2B70033873D /* Build configuration list for PBXNativeTarget "project 1Tests" */;
			buildPhases = (
				08245ACB22CCF2B70033873D /* Sources */,
				08245ACC22CCF2B70033873D /* Frameworks */,
				08245ACD22CCF2B70033873D /* Resources */,
			);
			buildRules = (
			);
			dependencies = (
				08245AD122CCF2B70033873D /* PBXTargetDependency */,
			);
			name = "project 1Tests";
			productName = "project 1Tests";
			productReference = 08245ACF22CCF2B70033873D /* project 1Tests.xctest */;
			productType = "com.apple.product-type.bundle.unit-test";
		};
		08245AD922CCF2B70033873D /* project 1UITests */ = {
			isa = PBXNativeTarget;
			buildConfigurationList = 08245AE922CCF2B70033873D /* Build configuration list for PBXNativeTarget "project 1UITests" */;
			buildPhases = (
				08245AD622CCF2B70033873D /* Sources */,
				08245AD722CCF2B70033873D /* Frameworks */,
				08245AD822CCF2B70033873D /* Resources */,
			);
			buildRules = (
			);
			dependencies = (
				08245ADC22CCF2B70033873D /* PBXTargetDependency */,
			);
			name = "project 1UITests";
			productName = "project 1UITests";
			productReference = 08245ADA22CCF2B70033873D /* project 1UITests.xctest */;
			productType = "com.apple.product-type.bundle.ui-testing";
		};
/* End PBXNativeTarget section */

/* Begin PBXProject section */
		08245AB322CCF2B50033873D /* Project object */ = {
			isa = PBXProject;
			attributes = {
				LastSwiftUpdateCheck = 1020;
				LastUpgradeCheck = 1020;
				ORGANIZATIONNAME = "tanishq verma";
				TargetAttributes = {
					08245ABA22CCF2B50033873D = {
						CreatedOnToolsVersion = 10.2.1;
					};
					08245ACE22CCF2B70033873D = {
						CreatedOnToolsVersion = 10.2.1;
						TestTargetID = 08245ABA22CCF2B50033873D;
					};
					08245AD922CCF2B70033873D = {
						CreatedOnToolsVersion = 10.2.1;
						TestTargetID = 08245ABA22CCF2B50033873D;
					};
				};
			};
			buildConfigurationList = 08245AB622CCF2B50033873D /* Build configuration list for PBXProject "project 1" */;
			compatibilityVersion = "Xcode 9.3";
			developmentRegion = en;
			hasScannedForEncodings = 0;
			knownRegions = (
				en,
				Base,
			);
			mainGroup = 08245AB222CCF2B50033873D;
			productRefGroup = 08245ABC22CCF2B50033873D /* Products */;
			projectDirPath = "";
			projectRoot = "";
			targets = (
				08245ABA22CCF2B50033873D /* project 1 */,
				08245ACE22CCF2B70033873D /* project 1Tests */,
				08245AD922CCF2B70033873D /* project 1UITests */,
			);
		};
/* End PBXProject section */

/* Begin PBXResourcesBuildPhase section */
		08245AB922CCF2B50033873D /* Resources */ = {
			isa = PBXResourcesBuildPhase;
			buildActionMask = 2147483647;
			files = (
				08245AC922CCF2B70033873D /* LaunchScreen.storyboard in Resources */,
				08245AC622CCF2B60033873D /* Assets.xcassets in Resources */,
				08245AC422CCF2B50033873D /* Main.storyboard in Resources */,
			);
			runOnlyForDeploymentPostprocessing = 0;
		};
		08245ACD22CCF2B70033873D /* Resources */ = {
			isa = PBXResourcesBuildPhase;
			buildActionMask = 2147483647;
			files = (
			);
			runOnlyForDeploymentPostprocessing = 0;
		};
		08245AD822CCF2B70033873D /* Resources */ = {
			isa = PBXResourcesBuildPhase;
			buildActionMask = 2147483647;
			files = (
			);
			runOnlyForDeploymentPostprocessing = 0;
		};
/* End PBXResourcesBuildPhase section */

/* Begin PBXSourcesBuildPhase section */
		08245AB722CCF2B50033873D /* Sources */ = {
			isa = PBXSourcesBuildPhase;
			buildActionMask = 2147483647;
			files = (
				08245AC122CCF2B50033873D /* ViewController.swift in Sources */,
				08245ABF22CCF2B50033873D /* AppDelegate.swift in Sources */,
			);
			runOnlyForDeploymentPostprocessing = 0;
		};
		08245ACB22CCF2B70033873D /* Sources */ = {
			isa = PBXSourcesBuildPhase;
			buildActionMask = 2147483647;
			files = (
				08245AD422CCF2B70033873D /* project_1Tests.swift in Sources */,
			);
			runOnlyForDeploymentPostprocessing = 0;
		};
		08245AD622CCF2B70033873D /* Sources */ = {
			isa = PBXSourcesBuildPhase;
			buildActionMask = 2147483647;
			files = (
				08245ADF22CCF2B70033873D /* project_1UITests.swift in Sources */,
			);
			runOnlyForDeploymentPostprocessing = 0;
		};
/* End PBXSourcesBuildPhase section */

/* Begin PBXTargetDependency section */
		08245AD122CCF2B70033873D /* PBXTargetDependency */ = {
			isa = PBXTargetDependency;
			target = 08245ABA22CCF2B50033873D /* project 1 */;
			targetProxy = 08245AD022CCF2B70033873D /* PBXContainerItemProxy */;
		};
		08245ADC22CCF2B70033873D /* PBXTargetDependency */ = {
			isa = PBXTargetDependency;
			target = 08245ABA22CCF2B50033873D /* project 1 */;
			targetProxy = 08245ADB22CCF2B70033873D /* PBXContainerItemProxy */;
		};
/* End PBXTargetDependency section */

/* Begin PBXVariantGroup section */
		08245AC222CCF2B50033873D /* Main.storyboard */ = {
			isa = PBXVariantGroup;
			children = (
				08245AC322CCF2B50033873D /* Base */,
			);
			name = Main.storyboard;
			sourceTree = "<group>";
		};
		08245AC722CCF2B70033873D /* LaunchScreen.storyboard */ = {
			isa = PBXVariantGroup;
			children = (
				08245AC822CCF2B70033873D /* Base */,
			);
			name = LaunchScreen.storyboard;
			sourceTree = "<group>";
		};
/* End PBXVariantGroup section */

/* Begin XCBuildConfiguration section */
		08245AE122CCF2B70033873D /* Debug */ = {
			isa = XCBuildConfiguration;
			buildSettings = {
				ALWAYS_SEARCH_USER_PATHS = NO;
				CLANG_ANALYZER_NONNULL = YES;
				CLANG_ANALYZER_NUMBER_OBJECT_CONVERSION = YES_AGGRESSIVE;
				CLANG_CXX_LANGUAGE_STANDARD = "gnu++14";
				CLANG_CXX_LIBRARY = "libc++";
				CLANG_ENABLE_MODULES = YES;
				CLANG_ENABLE_OBJC_ARC = YES;
				CLANG_ENABLE_OBJC_WEAK = YES;
				CLANG_WARN_BLOCK_CAPTURE_AUTORELEASING = YES;
				CLANG_WARN_BOOL_CONVERSION = YES;
				CLANG_WARN_COMMA = YES;
				CLANG_WARN_CONSTANT_CONVERSION = YES;
				CLANG_WARN_DEPRECATED_OBJC_IMPLEMENTATIONS = YES;
				CLANG_WARN_DIRECT_OBJC_ISA_USAGE = YES_ERROR;
				CLANG_WARN_DOCUMENTATION_COMMENTS = YES;
				CLANG_WARN_EMPTY_BODY = YES;
				CLANG_WARN_ENUM_CONVERSION = YES;
				CLANG_WARN_INFINITE_RECURSION = YES;
				CLANG_WARN_INT_CONVERSION = YES;
				CLANG_WARN_NON_LITERAL_NULL_CONVERSION = YES;
				CLANG_WARN_OBJC_IMPLICIT_RETAIN_SELF = YES;
				CLANG_WARN_OBJC_LITERAL_CONVERSION = YES;
				CLANG_WARN_OBJC_ROOT_CLASS = YES_ERROR;
				CLANG_WARN_RANGE_LOOP_ANALYSIS = YES;
				CLANG_WARN_STRICT_PROTOTYPES = YES;
				CLANG_WARN_SUSPICIOUS_MOVE = YES;
				CLANG_WARN_UNGUARDED_AVAILABILITY = YES_AGGRESSIVE;
				CLANG_WARN_UNREACHABLE_CODE = YES;
				CLANG_WARN__DUPLICATE_METHOD_MATCH = YES;
				CODE_SIGN_IDENTITY = "iPhone Developer";
				COPY_PHASE_STRIP = NO;
				DEBUG_INFORMATION_FORMAT = dwarf;
				ENABLE_STRICT_OBJC_MSGSEND = YES;
				ENABLE_TESTABILITY = YES;
				GCC_C_LANGUAGE_STANDARD = gnu11;
				GCC_DYNAMIC_NO_PIC = NO;
				GCC_NO_COMMON_BLOCKS = YES;
				GCC_OPTIMIZATION_LEVEL = 0;
				GCC_PREPROCESSOR_DEFINITIONS = (
					"DEBUG=1",
					"$(inherited)",
				);
				GCC_WARN_64_TO_32_BIT_CONVERSION = YES;
				GCC_WARN_ABOUT_RETURN_TYPE = YES_ERROR;
				GCC_WARN_UNDECLARED_SELECTOR = YES;
				GCC_WARN_UNINITIALIZED_AUTOS = YES_AGGRESSIVE;
				GCC_WARN_UNUSED_FUNCTION = YES;
				GCC_WARN_UNUSED_VARIABLE = YES;
				IPHONEOS_DEPLOYMENT_TARGET = 12.2;
				MTL_ENABLE_DEBUG_INFO = INCLUDE_SOURCE;
				MTL_FAST_MATH = YES;
				ONLY_ACTIVE_ARCH = YES;
				SDKROOT = iphoneos;
				SWIFT_ACTIVE_COMPILATION_CONDITIONS = DEBUG;
				SWIFT_OPTIMIZATION_LEVEL = "-Onone";
			};
			name = Debug;
		};
		08245AE222CCF2B70033873D /* Release */ = {
			isa = XCBuildConfiguration;
			buildSettings = {
				ALWAYS_SEARCH_USER_PATHS = NO;
				CLANG_ANALYZER_NONNULL = YES;
				CLANG_ANALYZER_NUMBER_OBJECT_CONVERSION = YES_AGGRESSIVE;
				CLANG_CXX_LANGUAGE_STANDARD = "gnu++14";
				CLANG_CXX_LIBRARY = "libc++";
				CLANG_ENABLE_MODULES = YES;
				CLANG_ENABLE_OBJC_ARC = YES;
				CLANG_ENABLE_OBJC_WEAK = YES;
				CLANG_WARN_BLOCK_CAPTURE_AUTORELEASING = YES;
				CLANG_WARN_BOOL_CONVERSION = YES;
				CLANG_WARN_COMMA = YES;
				CLANG_WARN_CONSTANT_CONVERSION = YES;
				CLANG_WARN_DEPRECATED_OBJC_IMPLEMENTATIONS = YES;
				CLANG_WARN_DIRECT_OBJC_ISA_USAGE = YES_ERROR;
				CLANG_WARN_DOCUMENTATION_COMMENTS = YES;
				CLANG_WARN_EMPTY_BODY = YES;
				CLANG_WARN_ENUM_CONVERSION = YES;
				CLANG_WARN_INFINITE_RECURSION = YES;
				CLANG_WARN_INT_CONVERSION = YES;
				CLANG_WARN_NON_LITERAL_NULL_CONVERSION = YES;
				CLANG_WARN_OBJC_IMPLICIT_RETAIN_SELF = YES;
				CLANG_WARN_OBJC_LITERAL_CONVERSION = YES;
				CLANG_WARN_OBJC_ROOT_CLASS = YES_ERROR;
				CLANG_WARN_RANGE_LOOP_ANALYSIS = YES;
				CLANG_WARN_STRICT_PROTOTYPES = YES;
				CLANG_WARN_SUSPICIOUS_MOVE = YES;
				CLANG_WARN_UNGUARDED_AVAILABILITY = YES_AGGRESSIVE;
				CLANG_WARN_UNREACHABLE_CODE = YES;
				CLANG_WARN__DUPLICATE_METHOD_MATCH = YES;
				CODE_SIGN_IDENTITY = "iPhone Developer";
				COPY_PHASE_STRIP = NO;
				DEBUG_INFORMATION_FORMAT = "dwarf-with-dsym";
				ENABLE_NS_ASSERTIONS = NO;
				ENABLE_STRICT_OBJC_MSGSEND = YES;
				GCC_C_LANGUAGE_STANDARD = gnu11;
				GCC_NO_COMMON_BLOCKS = YES;
				GCC_WARN_64_TO_32_BIT_CONVERSION = YES;
				GCC_WARN_ABOUT_RETURN_TYPE = YES_ERROR;
				GCC_WARN_UNDECLARED_SELECTOR = YES;
				GCC_WARN_UNINITIALIZED_AUTOS = YES_AGGRESSIVE;
				GCC_WARN_UNUSED_FUNCTION = YES;
				GCC_WARN_UNUSED_VARIABLE = YES;
				IPHONEOS_DEPLOYMENT_TARGET = 12.2;
				MTL_ENABLE_DEBUG_INFO = NO;
				MTL_FAST_MATH = YES;
				SDKROOT = iphoneos;
				SWIFT_COMPILATION_MODE = wholemodule;
				SWIFT_OPTIMIZATION_LEVEL = "-O";
				VALIDATE_PRODUCT = YES;
			};
			name = Release;
		};
		08245AE422CCF2B70033873D /* Debug */ = {
			isa = XCBuildConfiguration;
			buildSettings = {
				CODE_SIGN_STYLE = Automatic;
				DEVELOPMENT_TEAM = H838SU7J7J;
				INFOPLIST_FILE = "project 1/Info.plist";
				LD_RUNPATH_SEARCH_PATHS = (
					"$(inherited)",
					"@executable_path/Frameworks",
				);
				PRODUCT_BUNDLE_IDENTIFIER = "tanishq.project-1";
				PRODUCT_NAME = "$(TARGET_NAME)";
				SWIFT_VERSION = 5.0;
				TARGETED_DEVICE_FAMILY = "1,2";
			};
			name = Debug;
		};
		08245AE522CCF2B70033873D /* Release */ = {
			isa = XCBuildConfiguration;
			buildSettings = {
				CODE_SIGN_STYLE = Automatic;
				DEVELOPMENT_TEAM = H838SU7J7J;
				INFOPLIST_FILE = "project 1/Info.plist";
				LD_RUNPATH_SEARCH_PATHS = (
					"$(inherited)",
					"@executable_path/Frameworks",
				);
				PRODUCT_BUNDLE_IDENTIFIER = "tanishq.project-1";
				PRODUCT_NAME = "$(TARGET_NAME)";
				SWIFT_VERSION = 5.0;
				TARGETED_DEVICE_FAMILY = "1,2";
			};
			name = Release;
		};
		08245AE722CCF2B70033873D /* Debug */ = {
			isa = XCBuildConfiguration;
			buildSettings = {
				ALWAYS_EMBED_SWIFT_STANDARD_LIBRARIES = YES;
				BUNDLE_LOADER = "$(TEST_HOST)";
				CODE_SIGN_STYLE = Automatic;
				INFOPLIST_FILE = "project 1Tests/Info.plist";
				LD_RUNPATH_SEARCH_PATHS = (
					"$(inherited)",
					"@executable_path/Frameworks",
					"@loader_path/Frameworks",
				);
				PRODUCT_BUNDLE_IDENTIFIER = "tanishq.project-1Tests";
				PRODUCT_NAME = "$(TARGET_NAME)";
				SWIFT_VERSION = 5.0;
				TARGETED_DEVICE_FAMILY = "1,2";
				TEST_HOST = "$(BUILT_PRODUCTS_DIR)/project 1.app/project 1";
			};
			name = Debug;
		};
		08245AE822CCF2B70033873D /* Release */ = {
			isa = XCBuildConfiguration;
			buildSettings = {
				ALWAYS_EMBED_SWIFT_STANDARD_LIBRARIES = YES;
				BUNDLE_LOADER = "$(TEST_HOST)";
				CODE_SIGN_STYLE = Automatic;
				INFOPLIST_FILE = "project 1Tests/Info.plist";
				LD_RUNPATH_SEARCH_PATHS = (
					"$(inherited)",
					"@executable_path/Frameworks",
					"@loader_path/Frameworks",
				);
				PRODUCT_BUNDLE_IDENTIFIER = "tanishq.project-1Tests";
				PRODUCT_NAME = "$(TARGET_NAME)";
				SWIFT_VERSION = 5.0;
				TARGETED_DEVICE_FAMILY = "1,2";
				TEST_HOST = "$(BUILT_PRODUCTS_DIR)/project 1.app/project 1";
			};
			name = Release;
		};
		08245AEA22CCF2B70033873D /* Debug */ = {
			isa = XCBuildConfiguration;
			buildSettings = {
				ALWAYS_EMBED_SWIFT_STANDARD_LIBRARIES = YES;
				CODE_SIGN_STYLE = Automatic;
				INFOPLIST_FILE = "project 1UITests/Info.plist";
				LD_RUNPATH_SEARCH_PATHS = (
					"$(inherited)",
					"@executable_path/Frameworks",
					"@loader_path/Frameworks",
				);
				PRODUCT_BUNDLE_IDENTIFIER = "tanishq.project-1UITests";
				PRODUCT_NAME = "$(TARGET_NAME)";
				SWIFT_VERSION = 5.0;
				TARGETED_DEVICE_FAMILY = "1,2";
				TEST_TARGET_NAME = "project 1";
			};
			name = Debug;
		};
		08245AEB22CCF2B70033873D /* Release */ = {
			isa = XCBuildConfiguration;
			buildSettings = {
				ALWAYS_EMBED_SWIFT_STANDARD_LIBRARIES = YES;
				CODE_SIGN_STYLE = Automatic;
				INFOPLIST_FILE = "project 1UITests/Info.plist";
				LD_RUNPATH_SEARCH_PATHS = (
					"$(inherited)",
					"@executable_path/Frameworks",
					"@loader_path/Frameworks",
				);
				PRODUCT_BUNDLE_IDENTIFIER = "tanishq.project-1UITests";
				PRODUCT_NAME = "$(TARGET_NAME)";
				SWIFT_VERSION = 5.0;
				TARGETED_DEVICE_FAMILY = "1,2";
				TEST_TARGET_NAME = "project 1";
			};
			name = Release;
		};
/* End XCBuildConfiguration section */

/* Begin XCConfigurationList section */
		08245AB622CCF2B50033873D /* Build configuration list for PBXProject "project 1" */ = {
			isa = XCConfigurationList;
			buildConfigurations = (
				08245AE122CCF2B70033873D /* Debug */,
				08245AE222CCF2B70033873D /* Release */,
			);
			defaultConfigurationIsVisible = 0;
			defaultConfigurationName = Release;
		};
		08245AE322CCF2B70033873D /* Build configuration list for PBXNativeTarget "project 1" */ = {
			isa = XCConfigurationList;
			buildConfigurations = (
				08245AE422CCF2B70033873D /* Debug */,
				08245AE522CCF2B70033873D /* Release */,
			);
			defaultConfigurationIsVisible = 0;
			defaultConfigurationName = Release;
		};
		08245AE622CCF2B70033873D /* Build configuration list for PBXNativeTarget "project 1Tests" */ = {
			isa = XCConfigurationList;
			buildConfigurations = (
				08245AE722CCF2B70033873D /* Debug */,
				08245AE822CCF2B70033873D /* Release */,
			);
			defaultConfigurationIsVisible = 0;
			defaultConfigurationName = Release;
		};
		08245AE922CCF2B70033873D /* Build configuration list for PBXNativeTarget "project 1UITests" */ = {
			isa = XCConfigurationList;
			buildConfigurations = (
				08245AEA22CCF2B70033873D /* Debug */,
				08245AEB22CCF2B70033873D /* Release */,
			);
			defaultConfigurationIsVisible = 0;
			defaultConfigurationName = Release;
		};
/* End XCConfigurationList section */
	};
	rootObject = 08245AB322CCF2B50033873D /* Project object */;
}
